// !$*UTF8*$!
{
	archiveVersion = 1;
	classes = {
	};
	objectVersion = 50;
	objects = {

/* Begin PBXBuildFile section */
		142BC92620D7435900422B2D /* AppDelegate.swift in Sources */ = {isa = PBXBuildFile; fileRef = 142BC92520D7435900422B2D /* AppDelegate.swift */; };
		142BC92820D7435900422B2D /* TabBarViewController.swift in Sources */ = {isa = PBXBuildFile; fileRef = 142BC92720D7435900422B2D /* TabBarViewController.swift */; };
		142BC92B20D7435900422B2D /* Main.storyboard in Resources */ = {isa = PBXBuildFile; fileRef = 142BC92920D7435900422B2D /* Main.storyboard */; };
		142BC92D20D7435C00422B2D /* Assets.xcassets in Resources */ = {isa = PBXBuildFile; fileRef = 142BC92C20D7435C00422B2D /* Assets.xcassets */; };
		142BC93020D7435C00422B2D /* LaunchScreen.storyboard in Resources */ = {isa = PBXBuildFile; fileRef = 142BC92E20D7435C00422B2D /* LaunchScreen.storyboard */; };
		142BC93B20D7435C00422B2D /* UnitTestCafeTests.swift in Sources */ = {isa = PBXBuildFile; fileRef = 142BC93A20D7435C00422B2D /* UnitTestCafeTests.swift */; };
		142BC94620D7492700422B2D /* GoogleService-Info.plist in Resources */ = {isa = PBXBuildFile; fileRef = 142BC94520D7492700422B2D /* GoogleService-Info.plist */; };
		142BC94720D7492700422B2D /* GoogleService-Info.plist in Resources */ = {isa = PBXBuildFile; fileRef = 142BC94520D7492700422B2D /* GoogleService-Info.plist */; };
		142BC94D20D7558400422B2D /* Order.storyboard in Resources */ = {isa = PBXBuildFile; fileRef = 142BC94C20D7558400422B2D /* Order.storyboard */; };
		142BC94F20D755BC00422B2D /* Detail.storyboard in Resources */ = {isa = PBXBuildFile; fileRef = 142BC94E20D755BC00422B2D /* Detail.storyboard */; };
		142BC95220D757A900422B2D /* DVOrderViewController.swift in Sources */ = {isa = PBXBuildFile; fileRef = 142BC95120D757A900422B2D /* DVOrderViewController.swift */; };
		142BC95520D7583B00422B2D /* DVDetailViewController.swift in Sources */ = {isa = PBXBuildFile; fileRef = 142BC95420D7583B00422B2D /* DVDetailViewController.swift */; };
		4674A45001EFB1CA65FD2E38 /* Pods_UnitTestCafeTests.framework in Frameworks */ = {isa = PBXBuildFile; fileRef = 4FCD10DC75E76D9B014E4F4E /* Pods_UnitTestCafeTests.framework */; };
		6042B0E6D2FF14D2DFD997F2 /* Pods_UnitTestCafe.framework in Frameworks */ = {isa = PBXBuildFile; fileRef = 4C1F31DE056474ABE4F7024D /* Pods_UnitTestCafe.framework */; };
/* End PBXBuildFile section */

/* Begin PBXContainerItemProxy section */
		142BC93720D7435C00422B2D /* PBXContainerItemProxy */ = {
			isa = PBXContainerItemProxy;
			containerPortal = 142BC91A20D7435900422B2D /* Project object */;
			proxyType = 1;
			remoteGlobalIDString = 142BC92120D7435900422B2D;
			remoteInfo = UnitTestCafe;
		};
/* End PBXContainerItemProxy section */

/* Begin PBXFileReference section */
		142BC92220D7435900422B2D /* UnitTestCafe.app */ = {isa = PBXFileReference; explicitFileType = wrapper.application; includeInIndex = 0; path = UnitTestCafe.app; sourceTree = BUILT_PRODUCTS_DIR; };
		142BC92520D7435900422B2D /* AppDelegate.swift */ = {isa = PBXFileReference; lastKnownFileType = sourcecode.swift; path = AppDelegate.swift; sourceTree = "<group>"; };
		142BC92720D7435900422B2D /* TabBarViewController.swift */ = {isa = PBXFileReference; lastKnownFileType = sourcecode.swift; path = TabBarViewController.swift; sourceTree = "<group>"; };
		142BC92A20D7435900422B2D /* Base */ = {isa = PBXFileReference; lastKnownFileType = file.storyboard; name = Base; path = Base.lproj/Main.storyboard; sourceTree = "<group>"; };
		142BC92C20D7435C00422B2D /* Assets.xcassets */ = {isa = PBXFileReference; lastKnownFileType = folder.assetcatalog; path = Assets.xcassets; sourceTree = "<group>"; };
		142BC92F20D7435C00422B2D /* Base */ = {isa = PBXFileReference; lastKnownFileType = file.storyboard; name = Base; path = Base.lproj/LaunchScreen.storyboard; sourceTree = "<group>"; };
		142BC93120D7435C00422B2D /* Info.plist */ = {isa = PBXFileReference; lastKnownFileType = text.plist.xml; path = Info.plist; sourceTree = "<group>"; };
		142BC93620D7435C00422B2D /* UnitTestCafeTests.xctest */ = {isa = PBXFileReference; explicitFileType = wrapper.cfbundle; includeInIndex = 0; path = UnitTestCafeTests.xctest; sourceTree = BUILT_PRODUCTS_DIR; };
		142BC93A20D7435C00422B2D /* UnitTestCafeTests.swift */ = {isa = PBXFileReference; lastKnownFileType = sourcecode.swift; path = UnitTestCafeTests.swift; sourceTree = "<group>"; };
		142BC93C20D7435C00422B2D /* Info.plist */ = {isa = PBXFileReference; lastKnownFileType = text.plist.xml; path = Info.plist; sourceTree = "<group>"; };
		142BC94520D7492700422B2D /* GoogleService-Info.plist */ = {isa = PBXFileReference; fileEncoding = 4; lastKnownFileType = text.plist.xml; path = "GoogleService-Info.plist"; sourceTree = "<group>"; };
		142BC94C20D7558400422B2D /* Order.storyboard */ = {isa = PBXFileReference; lastKnownFileType = file.storyboard; path = Order.storyboard; sourceTree = "<group>"; };
		142BC94E20D755BC00422B2D /* Detail.storyboard */ = {isa = PBXFileReference; lastKnownFileType = file.storyboard; path = Detail.storyboard; sourceTree = "<group>"; };
		142BC95120D757A900422B2D /* DVOrderViewController.swift */ = {isa = PBXFileReference; lastKnownFileType = sourcecode.swift; path = DVOrderViewController.swift; sourceTree = "<group>"; };
		142BC95420D7583B00422B2D /* DVDetailViewController.swift */ = {isa = PBXFileReference; lastKnownFileType = sourcecode.swift; path = DVDetailViewController.swift; sourceTree = "<group>"; };
		2FFE8C5964D7C76EC1B16063 /* Pods-UnitTestCafe.debug.xcconfig */ = {isa = PBXFileReference; includeInIndex = 1; lastKnownFileType = text.xcconfig; name = "Pods-UnitTestCafe.debug.xcconfig"; path = "Pods/Target Support Files/Pods-UnitTestCafe/Pods-UnitTestCafe.debug.xcconfig"; sourceTree = "<group>"; };
		4C1F31DE056474ABE4F7024D /* Pods_UnitTestCafe.framework */ = {isa = PBXFileReference; explicitFileType = wrapper.framework; includeInIndex = 0; path = Pods_UnitTestCafe.framework; sourceTree = BUILT_PRODUCTS_DIR; };
		4FCD10DC75E76D9B014E4F4E /* Pods_UnitTestCafeTests.framework */ = {isa = PBXFileReference; explicitFileType = wrapper.framework; includeInIndex = 0; path = Pods_UnitTestCafeTests.framework; sourceTree = BUILT_PRODUCTS_DIR; };
		9910D1EFA04E7959D8589FC5 /* Pods-UnitTestCafe.release.xcconfig */ = {isa = PBXFileReference; includeInIndex = 1; lastKnownFileType = text.xcconfig; name = "Pods-UnitTestCafe.release.xcconfig"; path = "Pods/Target Support Files/Pods-UnitTestCafe/Pods-UnitTestCafe.release.xcconfig"; sourceTree = "<group>"; };
		A17FE98821588AB28FBE27F6 /* Pods-UnitTestCafeTests.debug.xcconfig */ = {isa = PBXFileReference; includeInIndex = 1; lastKnownFileType = text.xcconfig; name = "Pods-UnitTestCafeTests.debug.xcconfig"; path = "Pods/Target Support Files/Pods-UnitTestCafeTests/Pods-UnitTestCafeTests.debug.xcconfig"; sourceTree = "<group>"; };
		A23CF822ADF31E6DC0440A3A /* Pods-UnitTestCafeTests.release.xcconfig */ = {isa = PBXFileReference; includeInIndex = 1; lastKnownFileType = text.xcconfig; name = "Pods-UnitTestCafeTests.release.xcconfig"; path = "Pods/Target Support Files/Pods-UnitTestCafeTests/Pods-UnitTestCafeTests.release.xcconfig"; sourceTree = "<group>"; };
/* End PBXFileReference section */

/* Begin PBXFrameworksBuildPhase section */
		142BC91F20D7435900422B2D /* Frameworks */ = {
			isa = PBXFrameworksBuildPhase;
			buildActionMask = 2147483647;
			files = (
				6042B0E6D2FF14D2DFD997F2 /* Pods_UnitTestCafe.framework in Frameworks */,
			);
			runOnlyForDeploymentPostprocessing = 0;
		};
		142BC93320D7435C00422B2D /* Frameworks */ = {
			isa = PBXFrameworksBuildPhase;
			buildActionMask = 2147483647;
			files = (
				4674A45001EFB1CA65FD2E38 /* Pods_UnitTestCafeTests.framework in Frameworks */,
			);
			runOnlyForDeploymentPostprocessing = 0;
		};
/* End PBXFrameworksBuildPhase section */

/* Begin PBXGroup section */
		007F2115F37B8A91DA7D2998 /* Frameworks */ = {
			isa = PBXGroup;
			children = (
				4C1F31DE056474ABE4F7024D /* Pods_UnitTestCafe.framework */,
				4FCD10DC75E76D9B014E4F4E /* Pods_UnitTestCafeTests.framework */,
			);
			name = Frameworks;
			sourceTree = "<group>";
		};
		142BC91920D7435900422B2D = {
			isa = PBXGroup;
			children = (
				142BC92420D7435900422B2D /* UnitTestCafe */,
				142BC93920D7435C00422B2D /* UnitTestCafeTests */,
				142BC92320D7435900422B2D /* Products */,
				8AAFBF0BF90708AB5E839F9F /* Pods */,
				007F2115F37B8A91DA7D2998 /* Frameworks */,
			);
			sourceTree = "<group>";
		};
		142BC92320D7435900422B2D /* Products */ = {
			isa = PBXGroup;
			children = (
				142BC92220D7435900422B2D /* UnitTestCafe.app */,
				142BC93620D7435C00422B2D /* UnitTestCafeTests.xctest */,
			);
			name = Products;
			sourceTree = "<group>";
		};
		142BC92420D7435900422B2D /* UnitTestCafe */ = {
			isa = PBXGroup;
			children = (
				142BC94920D754F100422B2D /* Model */,
				142BC94A20D754FB00422B2D /* View */,
				142BC94B20D7550000422B2D /* Controller */,
				142BC94820D754D900422B2D /* Storyboard */,
				142BC92520D7435900422B2D /* AppDelegate.swift */,
				142BC92C20D7435C00422B2D /* Assets.xcassets */,
				142BC94520D7492700422B2D /* GoogleService-Info.plist */,
				142BC93120D7435C00422B2D /* Info.plist */,
			);
			path = UnitTestCafe;
			sourceTree = "<group>";
		};
		142BC93920D7435C00422B2D /* UnitTestCafeTests */ = {
			isa = PBXGroup;
			children = (
				142BC93A20D7435C00422B2D /* UnitTestCafeTests.swift */,
				142BC93C20D7435C00422B2D /* Info.plist */,
			);
			path = UnitTestCafeTests;
			sourceTree = "<group>";
		};
		142BC94820D754D900422B2D /* Storyboard */ = {
			isa = PBXGroup;
			children = (
				142BC92920D7435900422B2D /* Main.storyboard */,
				142BC92E20D7435C00422B2D /* LaunchScreen.storyboard */,
				142BC94C20D7558400422B2D /* Order.storyboard */,
				142BC94E20D755BC00422B2D /* Detail.storyboard */,
			);
			path = Storyboard;
			sourceTree = "<group>";
		};
		142BC94920D754F100422B2D /* Model */ = {
			isa = PBXGroup;
			children = (
			);
			path = Model;
			sourceTree = "<group>";
		};
		142BC94A20D754FB00422B2D /* View */ = {
			isa = PBXGroup;
			children = (
			);
			path = View;
			sourceTree = "<group>";
		};
		142BC94B20D7550000422B2D /* Controller */ = {
			isa = PBXGroup;
			children = (
				142BC95020D7575D00422B2D /* Order */,
				142BC95320D7582100422B2D /* Detail */,
				142BC92720D7435900422B2D /* TabBarViewController.swift */,
			);
			path = Controller;
			sourceTree = "<group>";
		};
		142BC95020D7575D00422B2D /* Order */ = {
			isa = PBXGroup;
			children = (
				142BC95120D757A900422B2D /* DVOrderViewController.swift */,
			);
			path = Order;
			sourceTree = "<group>";
		};
		142BC95320D7582100422B2D /* Detail */ = {
			isa = PBXGroup;
			children = (
				142BC95420D7583B00422B2D /* DVDetailViewController.swift */,
			);
			path = Detail;
			sourceTree = "<group>";
		};
		8AAFBF0BF90708AB5E839F9F /* Pods */ = {
			isa = PBXGroup;
			children = (
				2FFE8C5964D7C76EC1B16063 /* Pods-UnitTestCafe.debug.xcconfig */,
				9910D1EFA04E7959D8589FC5 /* Pods-UnitTestCafe.release.xcconfig */,
				A17FE98821588AB28FBE27F6 /* Pods-UnitTestCafeTests.debug.xcconfig */,
				A23CF822ADF31E6DC0440A3A /* Pods-UnitTestCafeTests.release.xcconfig */,
			);
			name = Pods;
			sourceTree = "<group>";
		};
/* End PBXGroup section */

/* Begin PBXNativeTarget section */
		142BC92120D7435900422B2D /* UnitTestCafe */ = {
			isa = PBXNativeTarget;
			buildConfigurationList = 142BC93F20D7435C00422B2D /* Build configuration list for PBXNativeTarget "UnitTestCafe" */;
			buildPhases = (
				CED3225B8377AAAAF4AE96B9 /* [CP] Check Pods Manifest.lock */,
				142BC91E20D7435900422B2D /* Sources */,
				142BC91F20D7435900422B2D /* Frameworks */,
				142BC92020D7435900422B2D /* Resources */,
				2BE55327815B5D5569FFC060 /* [CP] Embed Pods Frameworks */,
				5A337986D43118F24255B045 /* [CP] Copy Pods Resources */,
			);
			buildRules = (
			);
			dependencies = (
			);
			name = UnitTestCafe;
			productName = UnitTestCafe;
			productReference = 142BC92220D7435900422B2D /* UnitTestCafe.app */;
			productType = "com.apple.product-type.application";
		};
		142BC93520D7435C00422B2D /* UnitTestCafeTests */ = {
			isa = PBXNativeTarget;
			buildConfigurationList = 142BC94220D7435C00422B2D /* Build configuration list for PBXNativeTarget "UnitTestCafeTests" */;
			buildPhases = (
				A52E8C1EA267532C8CC30B97 /* [CP] Check Pods Manifest.lock */,
				142BC93220D7435C00422B2D /* Sources */,
				142BC93320D7435C00422B2D /* Frameworks */,
				142BC93420D7435C00422B2D /* Resources */,
				89ADB9CF44EDA6D70EDE14C4 /* [CP] Embed Pods Frameworks */,
				6B414097B9CEDD431F5BEE47 /* [CP] Copy Pods Resources */,
			);
			buildRules = (
			);
			dependencies = (
				142BC93820D7435C00422B2D /* PBXTargetDependency */,
			);
			name = UnitTestCafeTests;
			productName = UnitTestCafeTests;
			productReference = 142BC93620D7435C00422B2D /* UnitTestCafeTests.xctest */;
			productType = "com.apple.product-type.bundle.unit-test";
		};
/* End PBXNativeTarget section */

/* Begin PBXProject section */
		142BC91A20D7435900422B2D /* Project object */ = {
			isa = PBXProject;
			attributes = {
				LastSwiftUpdateCheck = 0940;
				LastUpgradeCheck = 0940;
				ORGANIZATIONNAME = DavidWu;
				TargetAttributes = {
					142BC92120D7435900422B2D = {
						CreatedOnToolsVersion = 9.4.1;
					};
					142BC93520D7435C00422B2D = {
						CreatedOnToolsVersion = 9.4.1;
						TestTargetID = 142BC92120D7435900422B2D;
					};
				};
			};
			buildConfigurationList = 142BC91D20D7435900422B2D /* Build configuration list for PBXProject "UnitTestCafe" */;
			compatibilityVersion = "Xcode 9.3";
			developmentRegion = en;
			hasScannedForEncodings = 0;
			knownRegions = (
				en,
				Base,
			);
			mainGroup = 142BC91920D7435900422B2D;
			productRefGroup = 142BC92320D7435900422B2D /* Products */;
			projectDirPath = "";
			projectRoot = "";
			targets = (
				142BC92120D7435900422B2D /* UnitTestCafe */,
				142BC93520D7435C00422B2D /* UnitTestCafeTests */,
			);
		};
/* End PBXProject section */

/* Begin PBXResourcesBuildPhase section */
		142BC92020D7435900422B2D /* Resources */ = {
			isa = PBXResourcesBuildPhase;
			buildActionMask = 2147483647;
			files = (
				142BC94D20D7558400422B2D /* Order.storyboard in Resources */,
				142BC93020D7435C00422B2D /* LaunchScreen.storyboard in Resources */,
				142BC94620D7492700422B2D /* GoogleService-Info.plist in Resources */,
				142BC92D20D7435C00422B2D /* Assets.xcassets in Resources */,
				142BC92B20D7435900422B2D /* Main.storyboard in Resources */,
				142BC94F20D755BC00422B2D /* Detail.storyboard in Resources */,
			);
			runOnlyForDeploymentPostprocessing = 0;
		};
		142BC93420D7435C00422B2D /* Resources */ = {
			isa = PBXResourcesBuildPhase;
			buildActionMask = 2147483647;
			files = (
				142BC94720D7492700422B2D /* GoogleService-Info.plist in Resources */,
			);
			runOnlyForDeploymentPostprocessing = 0;
		};
/* End PBXResourcesBuildPhase section */

/* Begin PBXShellScriptBuildPhase section */
		2BE55327815B5D5569FFC060 /* [CP] Embed Pods Frameworks */ = {
			isa = PBXShellScriptBuildPhase;
			buildActionMask = 2147483647;
			files = (
			);
			inputPaths = (
				"${SRCROOT}/Pods/Target Support Files/Pods-UnitTestCafe/Pods-UnitTestCafe-frameworks.sh",
				"${BUILT_PRODUCTS_DIR}/GoogleToolboxForMac/GoogleToolboxForMac.framework",
				"${BUILT_PRODUCTS_DIR}/nanopb/nanopb.framework",
			);
			name = "[CP] Embed Pods Frameworks";
			outputPaths = (
				"${TARGET_BUILD_DIR}/${FRAMEWORKS_FOLDER_PATH}/GoogleToolboxForMac.framework",
				"${TARGET_BUILD_DIR}/${FRAMEWORKS_FOLDER_PATH}/nanopb.framework",
			);
			runOnlyForDeploymentPostprocessing = 0;
			shellPath = /bin/sh;
			shellScript = "\"${SRCROOT}/Pods/Target Support Files/Pods-UnitTestCafe/Pods-UnitTestCafe-frameworks.sh\"\n";
			showEnvVarsInLog = 0;
		};
		5A337986D43118F24255B045 /* [CP] Copy Pods Resources */ = {
			isa = PBXShellScriptBuildPhase;
			buildActionMask = 2147483647;
			files = (
			);
			inputPaths = (
			);
			name = "[CP] Copy Pods Resources";
			outputPaths = (
			);
			runOnlyForDeploymentPostprocessing = 0;
			shellPath = /bin/sh;
			shellScript = "\"${SRCROOT}/Pods/Target Support Files/Pods-UnitTestCafe/Pods-UnitTestCafe-resources.sh\"\n";
			showEnvVarsInLog = 0;
		};
		6B414097B9CEDD431F5BEE47 /* [CP] Copy Pods Resources */ = {
			isa = PBXShellScriptBuildPhase;
			buildActionMask = 2147483647;
			files = (
			);
			inputPaths = (
			);
			name = "[CP] Copy Pods Resources";
			outputPaths = (
			);
			runOnlyForDeploymentPostprocessing = 0;
			shellPath = /bin/sh;
			shellScript = "\"${SRCROOT}/Pods/Target Support Files/Pods-UnitTestCafeTests/Pods-UnitTestCafeTests-resources.sh\"\n";
			showEnvVarsInLog = 0;
		};
		89ADB9CF44EDA6D70EDE14C4 /* [CP] Embed Pods Frameworks */ = {
			isa = PBXShellScriptBuildPhase;
			buildActionMask = 2147483647;
			files = (
			);
			inputPaths = (
				"${SRCROOT}/Pods/Target Support Files/Pods-UnitTestCafeTests/Pods-UnitTestCafeTests-frameworks.sh",
				"${BUILT_PRODUCTS_DIR}/GoogleToolboxForMac/GoogleToolboxForMac.framework",
				"${BUILT_PRODUCTS_DIR}/nanopb/nanopb.framework",
			);
			name = "[CP] Embed Pods Frameworks";
			outputPaths = (
				"${TARGET_BUILD_DIR}/${FRAMEWORKS_FOLDER_PATH}/GoogleToolboxForMac.framework",
				"${TARGET_BUILD_DIR}/${FRAMEWORKS_FOLDER_PATH}/nanopb.framework",
			);
			runOnlyForDeploymentPostprocessing = 0;
			shellPath = /bin/sh;
			shellScript = "\"${SRCROOT}/Pods/Target Support Files/Pods-UnitTestCafeTests/Pods-UnitTestCafeTests-frameworks.sh\"\n";
			showEnvVarsInLog = 0;
		};
		A52E8C1EA267532C8CC30B97 /* [CP] Check Pods Manifest.lock */ = {
			isa = PBXShellScriptBuildPhase;
			buildActionMask = 2147483647;
			files = (
			);
			inputPaths = (
				"${PODS_PODFILE_DIR_PATH}/Podfile.lock",
				"${PODS_ROOT}/Manifest.lock",
			);
			name = "[CP] Check Pods Manifest.lock";
			outputPaths = (
				"$(DERIVED_FILE_DIR)/Pods-UnitTestCafeTests-checkManifestLockResult.txt",
			);
			runOnlyForDeploymentPostprocessing = 0;
			shellPath = /bin/sh;
			shellScript = "diff \"${PODS_PODFILE_DIR_PATH}/Podfile.lock\" \"${PODS_ROOT}/Manifest.lock\" > /dev/null\nif [ $? != 0 ] ; then\n    # print error to STDERR\n    echo \"error: The sandbox is not in sync with the Podfile.lock. Run 'pod install' or update your CocoaPods installation.\" >&2\n    exit 1\nfi\n# This output is used by Xcode 'outputs' to avoid re-running this script phase.\necho \"SUCCESS\" > \"${SCRIPT_OUTPUT_FILE_0}\"\n";
			showEnvVarsInLog = 0;
		};
		CED3225B8377AAAAF4AE96B9 /* [CP] Check Pods Manifest.lock */ = {
			isa = PBXShellScriptBuildPhase;
			buildActionMask = 2147483647;
			files = (
			);
			inputPaths = (
				"${PODS_PODFILE_DIR_PATH}/Podfile.lock",
				"${PODS_ROOT}/Manifest.lock",
			);
			name = "[CP] Check Pods Manifest.lock";
			outputPaths = (
				"$(DERIVED_FILE_DIR)/Pods-UnitTestCafe-checkManifestLockResult.txt",
			);
			runOnlyForDeploymentPostprocessing = 0;
			shellPath = /bin/sh;
			shellScript = "diff \"${PODS_PODFILE_DIR_PATH}/Podfile.lock\" \"${PODS_ROOT}/Manifest.lock\" > /dev/null\nif [ $? != 0 ] ; then\n    # print error to STDERR\n    echo \"error: The sandbox is not in sync with the Podfile.lock. Run 'pod install' or update your CocoaPods installation.\" >&2\n    exit 1\nfi\n# This output is used by Xcode 'outputs' to avoid re-running this script phase.\necho \"SUCCESS\" > \"${SCRIPT_OUTPUT_FILE_0}\"\n";
			showEnvVarsInLog = 0;
		};
/* End PBXShellScriptBuildPhase section */

/* Begin PBXSourcesBuildPhase section */
		142BC91E20D7435900422B2D /* Sources */ = {
			isa = PBXSourcesBuildPhase;
			buildActionMask = 2147483647;
			files = (
				142BC92820D7435900422B2D /* TabBarViewController.swift in Sources */,
				142BC92620D7435900422B2D /* AppDelegate.swift in Sources */,
				142BC95220D757A900422B2D /* DVOrderViewController.swift in Sources */,
				142BC95520D7583B00422B2D /* DVDetailViewController.swift in Sources */,
			);
			runOnlyForDeploymentPostprocessing = 0;
		};
		142BC93220D7435C00422B2D /* Sources */ = {
			isa = PBXSourcesBuildPhase;
			buildActionMask = 2147483647;
			files = (
				142BC93B20D7435C00422B2D /* UnitTestCafeTests.swift in Sources */,
			);
			runOnlyForDeploymentPostprocessing = 0;
		};
/* End PBXSourcesBuildPhase section */

/* Begin PBXTargetDependency section */
		142BC93820D7435C00422B2D /* PBXTargetDependency */ = {
			isa = PBXTargetDependency;
			target = 142BC92120D7435900422B2D /* UnitTestCafe */;
			targetProxy = 142BC93720D7435C00422B2D /* PBXContainerItemProxy */;
		};
/* End PBXTargetDependency section */

/* Begin PBXVariantGroup section */
		142BC92920D7435900422B2D /* Main.storyboard */ = {
			isa = PBXVariantGroup;
			children = (
				142BC92A20D7435900422B2D /* Base */,
			);
			name = Main.storyboard;
			sourceTree = "<group>";
		};
		142BC92E20D7435C00422B2D /* LaunchScreen.storyboard */ = {
			isa = PBXVariantGroup;
			children = (
				142BC92F20D7435C00422B2D /* Base */,
			);
			name = LaunchScreen.storyboard;
			sourceTree = "<group>";
		};
/* End PBXVariantGroup section */

/* Begin XCBuildConfiguration section */
		142BC93D20D7435C00422B2D /* Debug */ = {
			isa = XCBuildConfiguration;
			buildSettings = {
				ALWAYS_SEARCH_USER_PATHS = NO;
				CLANG_ANALYZER_NONNULL = YES;
				CLANG_ANALYZER_NUMBER_OBJECT_CONVERSION = YES_AGGRESSIVE;
				CLANG_CXX_LANGUAGE_STANDARD = "gnu++14";
				CLANG_CXX_LIBRARY = "libc++";
				CLANG_ENABLE_MODULES = YES;
				CLANG_ENABLE_OBJC_ARC = YES;
				CLANG_ENABLE_OBJC_WEAK = YES;
				CLANG_WARN_BLOCK_CAPTURE_AUTORELEASING = YES;
				CLANG_WARN_BOOL_CONVERSION = YES;
				CLANG_WARN_COMMA = YES;
				CLANG_WARN_CONSTANT_CONVERSION = YES;
				CLANG_WARN_DEPRECATED_OBJC_IMPLEMENTATIONS = YES;
				CLANG_WARN_DIRECT_OBJC_ISA_USAGE = YES_ERROR;
				CLANG_WARN_DOCUMENTATION_COMMENTS = YES;
				CLANG_WARN_EMPTY_BODY = YES;
				CLANG_WARN_ENUM_CONVERSION = YES;
				CLANG_WARN_INFINITE_RECURSION = YES;
				CLANG_WARN_INT_CONVERSION = YES;
				CLANG_WARN_NON_LITERAL_NULL_CONVERSION = YES;
				CLANG_WARN_OBJC_IMPLICIT_RETAIN_SELF = YES;
				CLANG_WARN_OBJC_LITERAL_CONVERSION = YES;
				CLANG_WARN_OBJC_ROOT_CLASS = YES_ERROR;
				CLANG_WARN_RANGE_LOOP_ANALYSIS = YES;
				CLANG_WARN_STRICT_PROTOTYPES = YES;
				CLANG_WARN_SUSPICIOUS_MOVE = YES;
				CLANG_WARN_UNGUARDED_AVAILABILITY = YES_AGGRESSIVE;
				CLANG_WARN_UNREACHABLE_CODE = YES;
				CLANG_WARN__DUPLICATE_METHOD_MATCH = YES;
				CODE_SIGN_IDENTITY = "iPhone Developer";
				COPY_PHASE_STRIP = NO;
				DEBUG_INFORMATION_FORMAT = dwarf;
				ENABLE_STRICT_OBJC_MSGSEND = YES;
				ENABLE_TESTABILITY = YES;
				GCC_C_LANGUAGE_STANDARD = gnu11;
				GCC_DYNAMIC_NO_PIC = NO;
				GCC_NO_COMMON_BLOCKS = YES;
				GCC_OPTIMIZATION_LEVEL = 0;
				GCC_PREPROCESSOR_DEFINITIONS = (
					"DEBUG=1",
					"$(inherited)",
				);
				GCC_WARN_64_TO_32_BIT_CONVERSION = YES;
				GCC_WARN_ABOUT_RETURN_TYPE = YES_ERROR;
				GCC_WARN_UNDECLARED_SELECTOR = YES;
				GCC_WARN_UNINITIALIZED_AUTOS = YES_AGGRESSIVE;
				GCC_WARN_UNUSED_FUNCTION = YES;
				GCC_WARN_UNUSED_VARIABLE = YES;
				IPHONEOS_DEPLOYMENT_TARGET = 11.4;
				MTL_ENABLE_DEBUG_INFO = YES;
				ONLY_ACTIVE_ARCH = YES;
				SDKROOT = iphoneos;
				SWIFT_ACTIVE_COMPILATION_CONDITIONS = DEBUG;
				SWIFT_OPTIMIZATION_LEVEL = "-Onone";
			};
			name = Debug;
		};
		142BC93E20D7435C00422B2D /* Release */ = {
			isa = XCBuildConfiguration;
			buildSettings = {
				ALWAYS_SEARCH_USER_PATHS = NO;
				CLANG_ANALYZER_NONNULL = YES;
				CLANG_ANALYZER_NUMBER_OBJECT_CONVERSION = YES_AGGRESSIVE;
				CLANG_CXX_LANGUAGE_STANDARD = "gnu++14";
				CLANG_CXX_LIBRARY = "libc++";
				CLANG_ENABLE_MODULES = YES;
				CLANG_ENABLE_OBJC_ARC = YES;
				CLANG_ENABLE_OBJC_WEAK = YES;
				CLANG_WARN_BLOCK_CAPTURE_AUTORELEASING = YES;
				CLANG_WARN_BOOL_CONVERSION = YES;
				CLANG_WARN_COMMA = YES;
				CLANG_WARN_CONSTANT_CONVERSION = YES;
				CLANG_WARN_DEPRECATED_OBJC_IMPLEMENTATIONS = YES;
				CLANG_WARN_DIRECT_OBJC_ISA_USAGE = YES_ERROR;
				CLANG_WARN_DOCUMENTATION_COMMENTS = YES;
				CLANG_WARN_EMPTY_BODY = YES;
				CLANG_WARN_ENUM_CONVERSION = YES;
				CLANG_WARN_INFINITE_RECURSION = YES;
				CLANG_WARN_INT_CONVERSION = YES;
				CLANG_WARN_NON_LITERAL_NULL_CONVERSION = YES;
				CLANG_WARN_OBJC_IMPLICIT_RETAIN_SELF = YES;
				CLANG_WARN_OBJC_LITERAL_CONVERSION = YES;
				CLANG_WARN_OBJC_ROOT_CLASS = YES_ERROR;
				CLANG_WARN_RANGE_LOOP_ANALYSIS = YES;
				CLANG_WARN_STRICT_PROTOTYPES = YES;
				CLANG_WARN_SUSPICIOUS_MOVE = YES;
				CLANG_WARN_UNGUARDED_AVAILABILITY = YES_AGGRESSIVE;
				CLANG_WARN_UNREACHABLE_CODE = YES;
				CLANG_WARN__DUPLICATE_METHOD_MATCH = YES;
				CODE_SIGN_IDENTITY = "iPhone Developer";
				COPY_PHASE_STRIP = NO;
				DEBUG_INFORMATION_FORMAT = "dwarf-with-dsym";
				ENABLE_NS_ASSERTIONS = NO;
				ENABLE_STRICT_OBJC_MSGSEND = YES;
				GCC_C_LANGUAGE_STANDARD = gnu11;
				GCC_NO_COMMON_BLOCKS = YES;
				GCC_WARN_64_TO_32_BIT_CONVERSION = YES;
				GCC_WARN_ABOUT_RETURN_TYPE = YES_ERROR;
				GCC_WARN_UNDECLARED_SELECTOR = YES;
				GCC_WARN_UNINITIALIZED_AUTOS = YES_AGGRESSIVE;
				GCC_WARN_UNUSED_FUNCTION = YES;
				GCC_WARN_UNUSED_VARIABLE = YES;
				IPHONEOS_DEPLOYMENT_TARGET = 11.4;
				MTL_ENABLE_DEBUG_INFO = NO;
				SDKROOT = iphoneos;
				SWIFT_COMPILATION_MODE = wholemodule;
				SWIFT_OPTIMIZATION_LEVEL = "-O";
				VALIDATE_PRODUCT = YES;
			};
			name = Release;
		};
		142BC94020D7435C00422B2D /* Debug */ = {
			isa = XCBuildConfiguration;
			baseConfigurationReference = 2FFE8C5964D7C76EC1B16063 /* Pods-UnitTestCafe.debug.xcconfig */;
			buildSettings = {
				ASSETCATALOG_COMPILER_APPICON_NAME = AppIcon;
				CODE_SIGN_STYLE = Automatic;
				DEVELOPMENT_TEAM = ND2LGZT6B5;
				INFOPLIST_FILE = UnitTestCafe/Info.plist;
				LD_RUNPATH_SEARCH_PATHS = (
					"$(inherited)",
					"@executable_path/Frameworks",
				);
				PRODUCT_BUNDLE_IDENTIFIER = com.davidwu.UnitTestCafe;
				PRODUCT_NAME = "$(TARGET_NAME)";
				SWIFT_VERSION = 4.0;
				TARGETED_DEVICE_FAMILY = "1,2";
			};
			name = Debug;
		};
		142BC94120D7435C00422B2D /* Release */ = {
			isa = XCBuildConfiguration;
			baseConfigurationReference = 9910D1EFA04E7959D8589FC5 /* Pods-UnitTestCafe.release.xcconfig */;
			buildSettings = {
				ASSETCATALOG_COMPILER_APPICON_NAME = AppIcon;
				CODE_SIGN_STYLE = Automatic;
				DEVELOPMENT_TEAM = ND2LGZT6B5;
				INFOPLIST_FILE = UnitTestCafe/Info.plist;
				LD_RUNPATH_SEARCH_PATHS = (
					"$(inherited)",
					"@executable_path/Frameworks",
				);
				PRODUCT_BUNDLE_IDENTIFIER = com.davidwu.UnitTestCafe;
				PRODUCT_NAME = "$(TARGET_NAME)";
				SWIFT_VERSION = 4.0;
				TARGETED_DEVICE_FAMILY = "1,2";
			};
			name = Release;
		};
		142BC94320D7435C00422B2D /* Debug */ = {
			isa = XCBuildConfiguration;
			baseConfigurationReference = A17FE98821588AB28FBE27F6 /* Pods-UnitTestCafeTests.debug.xcconfig */;
			buildSettings = {
				ALWAYS_EMBED_SWIFT_STANDARD_LIBRARIES = YES;
				BUNDLE_LOADER = "$(TEST_HOST)";
				CODE_SIGN_STYLE = Automatic;
				DEVELOPMENT_TEAM = ND2LGZT6B5;
				INFOPLIST_FILE = UnitTestCafeTests/Info.plist;
				LD_RUNPATH_SEARCH_PATHS = (
					"$(inherited)",
					"@executable_path/Frameworks",
					"@loader_path/Frameworks",
				);
				PRODUCT_BUNDLE_IDENTIFIER = com.davidwu.UnitTestCafeTests;
				PRODUCT_NAME = "$(TARGET_NAME)";
				SWIFT_VERSION = 4.0;
				TARGETED_DEVICE_FAMILY = "1,2";
				TEST_HOST = "$(BUILT_PRODUCTS_DIR)/UnitTestCafe.app/UnitTestCafe";
			};
			name = Debug;
		};
		142BC94420D7435C00422B2D /* Release */ = {
			isa = XCBuildConfiguration;
			baseConfigurationReference = A23CF822ADF31E6DC0440A3A /* Pods-UnitTestCafeTests.release.xcconfig */;
			buildSettings = {
				ALWAYS_EMBED_SWIFT_STANDARD_LIBRARIES = YES;
				BUNDLE_LOADER = "$(TEST_HOST)";
				CODE_SIGN_STYLE = Automatic;
				DEVELOPMENT_TEAM = ND2LGZT6B5;
				INFOPLIST_FILE = UnitTestCafeTests/Info.plist;
				LD_RUNPATH_SEARCH_PATHS = (
					"$(inherited)",
					"@executable_path/Frameworks",
					"@loader_path/Frameworks",
				);
				PRODUCT_BUNDLE_IDENTIFIER = com.davidwu.UnitTestCafeTests;
				PRODUCT_NAME = "$(TARGET_NAME)";
				SWIFT_VERSION = 4.0;
				TARGETED_DEVICE_FAMILY = "1,2";
				TEST_HOST = "$(BUILT_PRODUCTS_DIR)/UnitTestCafe.app/UnitTestCafe";
			};
			name = Release;
		};
/* End XCBuildConfiguration section */

/* Begin XCConfigurationList section */
		142BC91D20D7435900422B2D /* Build configuration list for PBXProject "UnitTestCafe" */ = {
			isa = XCConfigurationList;
			buildConfigurations = (
				142BC93D20D7435C00422B2D /* Debug */,
				142BC93E20D7435C00422B2D /* Release */,
			);
			defaultConfigurationIsVisible = 0;
			defaultConfigurationName = Release;
		};
		142BC93F20D7435C00422B2D /* Build configuration list for PBXNativeTarget "UnitTestCafe" */ = {
			isa = XCConfigurationList;
			buildConfigurations = (
				142BC94020D7435C00422B2D /* Debug */,
				142BC94120D7435C00422B2D /* Release */,
			);
			defaultConfigurationIsVisible = 0;
			defaultConfigurationName = Release;
		};
		142BC94220D7435C00422B2D /* Build configuration list for PBXNativeTarget "UnitTestCafeTests" */ = {
			isa = XCConfigurationList;
			buildConfigurations = (
				142BC94320D7435C00422B2D /* Debug */,
				142BC94420D7435C00422B2D /* Release */,
			);
			defaultConfigurationIsVisible = 0;
			defaultConfigurationName = Release;
		};
/* End XCConfigurationList section */
	};
	rootObject = 142BC91A20D7435900422B2D /* Project object */;
}
